// !$*UTF8*$!
{
	archiveVersion = 1;
	classes = {
	};
	objectVersion = 46;
	objects = {

/* Begin PBXBuildFile section */
		3F31C7DC1CBFFAC10001EBE0 /* BluetoothMultiplayer.swift in Sources */ = {isa = PBXBuildFile; fileRef = 3F31C7DB1CBFFAC10001EBE0 /* BluetoothMultiplayer.swift */; };
		3F537EA81CE242D500BCF80C /* QuartzCore.framework in Frameworks */ = {isa = PBXBuildFile; fileRef = 3F537EA71CE242D500BCF80C /* QuartzCore.framework */; };
		3F537EAA1CE242DF00BCF80C /* GameKit.framework in Frameworks */ = {isa = PBXBuildFile; fileRef = 3F537EA91CE242DF00BCF80C /* GameKit.framework */; };
		3F537EAC1CE242EA00BCF80C /* AVFoundation.framework in Frameworks */ = {isa = PBXBuildFile; fileRef = 3F537EAB1CE242EA00BCF80C /* AVFoundation.framework */; };
		3F537EAE1CE242F600BCF80C /* UIKit.framework in Frameworks */ = {isa = PBXBuildFile; fileRef = 3F537EAD1CE242F600BCF80C /* UIKit.framework */; };
		3F537EB01CE2430300BCF80C /* Foundation.framework in Frameworks */ = {isa = PBXBuildFile; fileRef = 3F537EAF1CE2430300BCF80C /* Foundation.framework */; };
		3F537EB21CE2431100BCF80C /* CoreGraphics.framework in Frameworks */ = {isa = PBXBuildFile; fileRef = 3F537EB11CE2431100BCF80C /* CoreGraphics.framework */; };
		3F5937D31CBEA24A00D46B4D /* SplitScreen.swift in Sources */ = {isa = PBXBuildFile; fileRef = 3F5937D21CBEA24A00D46B4D /* SplitScreen.swift */; };
		3F62EC461CCA877600668C4E /* Cars2.swift in Sources */ = {isa = PBXBuildFile; fileRef = 3F62EC451CCA877600668C4E /* Cars2.swift */; };
		3F62EC4A1CCA87D500668C4E /* Color2.swift in Sources */ = {isa = PBXBuildFile; fileRef = 3F62EC491CCA87D500668C4E /* Color2.swift */; };
		3F62EC4C1CCA87E700668C4E /* Cars3.swift in Sources */ = {isa = PBXBuildFile; fileRef = 3F62EC4B1CCA87E700668C4E /* Cars3.swift */; };
		3F62EC4E1CCA881F00668C4E /* Color3.swift in Sources */ = {isa = PBXBuildFile; fileRef = 3F62EC4D1CCA881F00668C4E /* Color3.swift */; };
		3F62EC501CCA888A00668C4E /* Tracks2.swift in Sources */ = {isa = PBXBuildFile; fileRef = 3F62EC4F1CCA888A00668C4E /* Tracks2.swift */; };
		3F62EC521CCA889700668C4E /* Tracks3.swift in Sources */ = {isa = PBXBuildFile; fileRef = 3F62EC511CCA889700668C4E /* Tracks3.swift */; };
		3F6819EF1CE4EA2D000C7E4F /* SplitScreeniPod.swift in Sources */ = {isa = PBXBuildFile; fileRef = 3F6819EE1CE4EA2D000C7E4F /* SplitScreeniPod.swift */; };
		3F6F5FC61CC066CF008573CC /* StoredVariables.swift in Sources */ = {isa = PBXBuildFile; fileRef = 3F6F5FC51CC066CF008573CC /* StoredVariables.swift */; };
		3F7F6CFA1CC14B2800B8962A /* Cars.swift in Sources */ = {isa = PBXBuildFile; fileRef = 3F7F6CF91CC14B2800B8962A /* Cars.swift */; };
		3F7F6CFC1CC14E9C00B8962A /* Color.swift in Sources */ = {isa = PBXBuildFile; fileRef = 3F7F6CFB1CC14E9C00B8962A /* Color.swift */; };
		3F7F6CFE1CC14EA800B8962A /* Tracks.swift in Sources */ = {isa = PBXBuildFile; fileRef = 3F7F6CFD1CC14EA800B8962A /* Tracks.swift */; };
		3F8D99881CAAE36B001F9934 /* AppDelegate.swift in Sources */ = {isa = PBXBuildFile; fileRef = 3F8D99871CAAE36B001F9934 /* AppDelegate.swift */; };
		3F8D998A1CAAE36B001F9934 /* GameScene.sks in Resources */ = {isa = PBXBuildFile; fileRef = 3F8D99891CAAE36B001F9934 /* GameScene.sks */; };
		3F8D998E1CAAE36B001F9934 /* GameViewController.swift in Sources */ = {isa = PBXBuildFile; fileRef = 3F8D998D1CAAE36B001F9934 /* GameViewController.swift */; };
		3F8D99911CAAE36B001F9934 /* Main.storyboard in Resources */ = {isa = PBXBuildFile; fileRef = 3F8D998F1CAAE36B001F9934 /* Main.storyboard */; };
		3F8D99931CAAE36B001F9934 /* Assets.xcassets in Resources */ = {isa = PBXBuildFile; fileRef = 3F8D99921CAAE36B001F9934 /* Assets.xcassets */; };
		3F8D99961CAAE36B001F9934 /* LaunchScreen.storyboard in Resources */ = {isa = PBXBuildFile; fileRef = 3F8D99941CAAE36B001F9934 /* LaunchScreen.storyboard */; };
		3F8D99A11CAAE36B001F9934 /* Blazing_RacersTests.swift in Sources */ = {isa = PBXBuildFile; fileRef = 3F8D99A01CAAE36B001F9934 /* Blazing_RacersTests.swift */; };
		3F8D99AC1CAAE36B001F9934 /* Blazing_RacersUITests.swift in Sources */ = {isa = PBXBuildFile; fileRef = 3F8D99AB1CAAE36B001F9934 /* Blazing_RacersUITests.swift */; };
		3FB8039D1CE0F52200E6CF8D /* UIView+HostViewController.m in Sources */ = {isa = PBXBuildFile; fileRef = 3FB8039C1CE0F52200E6CF8D /* UIView+HostViewController.m */; };
		3FC25EBD1CC44EB80019FEFC /* MainView.swift in Sources */ = {isa = PBXBuildFile; fileRef = 3FC25EBC1CC44EB80019FEFC /* MainView.swift */; };
		3FC25EBF1CC44EFE0019FEFC /* SinglePlayerView.swift in Sources */ = {isa = PBXBuildFile; fileRef = 3FC25EBE1CC44EFE0019FEFC /* SinglePlayerView.swift */; };
		3FC25EC11CC44F2A0019FEFC /* SplitScreenView.swift in Sources */ = {isa = PBXBuildFile; fileRef = 3FC25EC01CC44F2A0019FEFC /* SplitScreenView.swift */; };
		3FC25EC31CC44F610019FEFC /* MultiplayerView.swift in Sources */ = {isa = PBXBuildFile; fileRef = 3FC25EC21CC44F610019FEFC /* MultiplayerView.swift */; };
		3FD2F6EC1CBC06F9005D9F2D /* SinglePlayerRace.swift in Sources */ = {isa = PBXBuildFile; fileRef = 3FD2F6EB1CBC06F9005D9F2D /* SinglePlayerRace.swift */; };
		3FD2F6EE1CBC072C005D9F2D /* SinglePlayerTime.swift in Sources */ = {isa = PBXBuildFile; fileRef = 3FD2F6ED1CBC072C005D9F2D /* SinglePlayerTime.swift */; };
/* End PBXBuildFile section */

/* Begin PBXContainerItemProxy section */
		3F8D999D1CAAE36B001F9934 /* PBXContainerItemProxy */ = {
			isa = PBXContainerItemProxy;
			containerPortal = 3F8D997C1CAAE36B001F9934 /* Project object */;
			proxyType = 1;
			remoteGlobalIDString = 3F8D99831CAAE36B001F9934;
			remoteInfo = Blazing_Racers;
		};
		3F8D99A81CAAE36B001F9934 /* PBXContainerItemProxy */ = {
			isa = PBXContainerItemProxy;
			containerPortal = 3F8D997C1CAAE36B001F9934 /* Project object */;
			proxyType = 1;
			remoteGlobalIDString = 3F8D99831CAAE36B001F9934;
			remoteInfo = Blazing_Racers;
		};
/* End PBXContainerItemProxy section */

/* Begin PBXFileReference section */
		3F31C7DB1CBFFAC10001EBE0 /* BluetoothMultiplayer.swift */ = {isa = PBXFileReference; fileEncoding = 4; lastKnownFileType = sourcecode.swift; name = BluetoothMultiplayer.swift; path = Blazing_Racers/BluetoothMultiplayer.swift; sourceTree = "<group>"; };
		3F537EA71CE242D500BCF80C /* QuartzCore.framework */ = {isa = PBXFileReference; lastKnownFileType = wrapper.framework; name = QuartzCore.framework; path = System/Library/Frameworks/QuartzCore.framework; sourceTree = SDKROOT; };
		3F537EA91CE242DF00BCF80C /* GameKit.framework */ = {isa = PBXFileReference; lastKnownFileType = wrapper.framework; name = GameKit.framework; path = System/Library/Frameworks/GameKit.framework; sourceTree = SDKROOT; };
		3F537EAB1CE242EA00BCF80C /* AVFoundation.framework */ = {isa = PBXFileReference; lastKnownFileType = wrapper.framework; name = AVFoundation.framework; path = System/Library/Frameworks/AVFoundation.framework; sourceTree = SDKROOT; };
		3F537EAD1CE242F600BCF80C /* UIKit.framework */ = {isa = PBXFileReference; lastKnownFileType = wrapper.framework; name = UIKit.framework; path = System/Library/Frameworks/UIKit.framework; sourceTree = SDKROOT; };
		3F537EAF1CE2430300BCF80C /* Foundation.framework */ = {isa = PBXFileReference; lastKnownFileType = wrapper.framework; name = Foundation.framework; path = System/Library/Frameworks/Foundation.framework; sourceTree = SDKROOT; };
		3F537EB11CE2431100BCF80C /* CoreGraphics.framework */ = {isa = PBXFileReference; lastKnownFileType = wrapper.framework; name = CoreGraphics.framework; path = System/Library/Frameworks/CoreGraphics.framework; sourceTree = SDKROOT; };
		3F5937D21CBEA24A00D46B4D /* SplitScreen.swift */ = {isa = PBXFileReference; fileEncoding = 4; lastKnownFileType = sourcecode.swift; name = SplitScreen.swift; path = ../SplitScreen.swift; sourceTree = "<group>"; };
		3F62EC451CCA877600668C4E /* Cars2.swift */ = {isa = PBXFileReference; fileEncoding = 4; lastKnownFileType = sourcecode.swift; path = Cars2.swift; sourceTree = "<group>"; };
		3F62EC491CCA87D500668C4E /* Color2.swift */ = {isa = PBXFileReference; fileEncoding = 4; lastKnownFileType = sourcecode.swift; path = Color2.swift; sourceTree = "<group>"; };
		3F62EC4B1CCA87E700668C4E /* Cars3.swift */ = {isa = PBXFileReference; fileEncoding = 4; lastKnownFileType = sourcecode.swift; path = Cars3.swift; sourceTree = "<group>"; };
		3F62EC4D1CCA881F00668C4E /* Color3.swift */ = {isa = PBXFileReference; fileEncoding = 4; lastKnownFileType = sourcecode.swift; path = Color3.swift; sourceTree = "<group>"; };
		3F62EC4F1CCA888A00668C4E /* Tracks2.swift */ = {isa = PBXFileReference; fileEncoding = 4; lastKnownFileType = sourcecode.swift; path = Tracks2.swift; sourceTree = "<group>"; };
		3F62EC511CCA889700668C4E /* Tracks3.swift */ = {isa = PBXFileReference; fileEncoding = 4; lastKnownFileType = sourcecode.swift; path = Tracks3.swift; sourceTree = "<group>"; };
		3F6819EE1CE4EA2D000C7E4F /* SplitScreeniPod.swift */ = {isa = PBXFileReference; fileEncoding = 4; lastKnownFileType = sourcecode.swift; path = SplitScreeniPod.swift; sourceTree = "<group>"; };
		3F6F5FC51CC066CF008573CC /* StoredVariables.swift */ = {isa = PBXFileReference; fileEncoding = 4; lastKnownFileType = sourcecode.swift; path = StoredVariables.swift; sourceTree = "<group>"; };
		3F7F6CF91CC14B2800B8962A /* Cars.swift */ = {isa = PBXFileReference; fileEncoding = 4; lastKnownFileType = sourcecode.swift; path = Cars.swift; sourceTree = "<group>"; };
		3F7F6CFB1CC14E9C00B8962A /* Color.swift */ = {isa = PBXFileReference; fileEncoding = 4; lastKnownFileType = sourcecode.swift; path = Color.swift; sourceTree = "<group>"; };
		3F7F6CFD1CC14EA800B8962A /* Tracks.swift */ = {isa = PBXFileReference; fileEncoding = 4; lastKnownFileType = sourcecode.swift; path = Tracks.swift; sourceTree = "<group>"; };
		3F8D99841CAAE36B001F9934 /* Blazing_Racers.app */ = {isa = PBXFileReference; explicitFileType = wrapper.application; includeInIndex = 0; path = Blazing_Racers.app; sourceTree = BUILT_PRODUCTS_DIR; };
		3F8D99871CAAE36B001F9934 /* AppDelegate.swift */ = {isa = PBXFileReference; lastKnownFileType = sourcecode.swift; path = AppDelegate.swift; sourceTree = "<group>"; };
		3F8D99891CAAE36B001F9934 /* GameScene.sks */ = {isa = PBXFileReference; lastKnownFileType = file.sks; path = GameScene.sks; sourceTree = "<group>"; };
		3F8D998D1CAAE36B001F9934 /* GameViewController.swift */ = {isa = PBXFileReference; lastKnownFileType = sourcecode.swift; path = GameViewController.swift; sourceTree = "<group>"; };
		3F8D99901CAAE36B001F9934 /* Base */ = {isa = PBXFileReference; lastKnownFileType = file.storyboard; name = Base; path = Base.lproj/Main.storyboard; sourceTree = "<group>"; };
		3F8D99921CAAE36B001F9934 /* Assets.xcassets */ = {isa = PBXFileReference; lastKnownFileType = folder.assetcatalog; path = Assets.xcassets; sourceTree = "<group>"; };
		3F8D99951CAAE36B001F9934 /* Base */ = {isa = PBXFileReference; lastKnownFileType = file.storyboard; name = Base; path = Base.lproj/LaunchScreen.storyboard; sourceTree = "<group>"; };
		3F8D99971CAAE36B001F9934 /* Info.plist */ = {isa = PBXFileReference; lastKnownFileType = text.plist.xml; path = Info.plist; sourceTree = "<group>"; };
		3F8D999C1CAAE36B001F9934 /* Blazing_RacersTests.xctest */ = {isa = PBXFileReference; explicitFileType = wrapper.cfbundle; includeInIndex = 0; path = Blazing_RacersTests.xctest; sourceTree = BUILT_PRODUCTS_DIR; };
		3F8D99A01CAAE36B001F9934 /* Blazing_RacersTests.swift */ = {isa = PBXFileReference; lastKnownFileType = sourcecode.swift; path = Blazing_RacersTests.swift; sourceTree = "<group>"; };
		3F8D99A21CAAE36B001F9934 /* Info.plist */ = {isa = PBXFileReference; lastKnownFileType = text.plist.xml; path = Info.plist; sourceTree = "<group>"; };
		3F8D99A71CAAE36B001F9934 /* Blazing_RacersUITests.xctest */ = {isa = PBXFileReference; explicitFileType = wrapper.cfbundle; includeInIndex = 0; path = Blazing_RacersUITests.xctest; sourceTree = BUILT_PRODUCTS_DIR; };
		3F8D99AB1CAAE36B001F9934 /* Blazing_RacersUITests.swift */ = {isa = PBXFileReference; lastKnownFileType = sourcecode.swift; path = Blazing_RacersUITests.swift; sourceTree = "<group>"; };
		3F8D99AD1CAAE36B001F9934 /* Info.plist */ = {isa = PBXFileReference; lastKnownFileType = text.plist.xml; path = Info.plist; sourceTree = "<group>"; };
		3FB8039A1CE0F52200E6CF8D /* Blazing_Racers-Bridging-Header.h */ = {isa = PBXFileReference; lastKnownFileType = sourcecode.c.h; path = "Blazing_Racers-Bridging-Header.h"; sourceTree = "<group>"; };
		3FB8039B1CE0F52200E6CF8D /* UIView+HostViewController.h */ = {isa = PBXFileReference; fileEncoding = 4; lastKnownFileType = sourcecode.c.h; path = "UIView+HostViewController.h"; sourceTree = "<group>"; };
		3FB8039C1CE0F52200E6CF8D /* UIView+HostViewController.m */ = {isa = PBXFileReference; fileEncoding = 4; lastKnownFileType = sourcecode.c.objc; path = "UIView+HostViewController.m"; sourceTree = "<group>"; };
		3FC25EBC1CC44EB80019FEFC /* MainView.swift */ = {isa = PBXFileReference; fileEncoding = 4; lastKnownFileType = sourcecode.swift; path = MainView.swift; sourceTree = "<group>"; };
		3FC25EBE1CC44EFE0019FEFC /* SinglePlayerView.swift */ = {isa = PBXFileReference; fileEncoding = 4; lastKnownFileType = sourcecode.swift; path = SinglePlayerView.swift; sourceTree = "<group>"; };
		3FC25EC01CC44F2A0019FEFC /* SplitScreenView.swift */ = {isa = PBXFileReference; fileEncoding = 4; lastKnownFileType = sourcecode.swift; path = SplitScreenView.swift; sourceTree = "<group>"; };
		3FC25EC21CC44F610019FEFC /* MultiplayerView.swift */ = {isa = PBXFileReference; fileEncoding = 4; lastKnownFileType = sourcecode.swift; path = MultiplayerView.swift; sourceTree = "<group>"; };
		3FD2F6EB1CBC06F9005D9F2D /* SinglePlayerRace.swift */ = {isa = PBXFileReference; fileEncoding = 4; lastKnownFileType = sourcecode.swift; path = SinglePlayerRace.swift; sourceTree = "<group>"; };
		3FD2F6ED1CBC072C005D9F2D /* SinglePlayerTime.swift */ = {isa = PBXFileReference; fileEncoding = 4; lastKnownFileType = sourcecode.swift; path = SinglePlayerTime.swift; sourceTree = "<group>"; };
/* End PBXFileReference section */

/* Begin PBXFrameworksBuildPhase section */
		3F8D99811CAAE36B001F9934 /* Frameworks */ = {
			isa = PBXFrameworksBuildPhase;
			buildActionMask = 2147483647;
			files = (
				3F537EA81CE242D500BCF80C /* QuartzCore.framework in Frameworks */,
				3F537EAA1CE242DF00BCF80C /* GameKit.framework in Frameworks */,
				3F537EAC1CE242EA00BCF80C /* AVFoundation.framework in Frameworks */,
				3F537EAE1CE242F600BCF80C /* UIKit.framework in Frameworks */,
				3F537EB01CE2430300BCF80C /* Foundation.framework in Frameworks */,
				3F537EB21CE2431100BCF80C /* CoreGraphics.framework in Frameworks */,
			);
			runOnlyForDeploymentPostprocessing = 0;
		};
		3F8D99991CAAE36B001F9934 /* Frameworks */ = {
			isa = PBXFrameworksBuildPhase;
			buildActionMask = 2147483647;
			files = (
			);
			runOnlyForDeploymentPostprocessing = 0;
		};
		3F8D99A41CAAE36B001F9934 /* Frameworks */ = {
			isa = PBXFrameworksBuildPhase;
			buildActionMask = 2147483647;
			files = (
			);
			runOnlyForDeploymentPostprocessing = 0;
		};
/* End PBXFrameworksBuildPhase section */

/* Begin PBXGroup section */
		3F537EB31CE2433300BCF80C /* Frameworks */ = {
			isa = PBXGroup;
			children = (
				3F537EA71CE242D500BCF80C /* QuartzCore.framework */,
				3F537EA91CE242DF00BCF80C /* GameKit.framework */,
				3F537EAB1CE242EA00BCF80C /* AVFoundation.framework */,
				3F537EAD1CE242F600BCF80C /* UIKit.framework */,
				3F537EAF1CE2430300BCF80C /* Foundation.framework */,
				3F537EB11CE2431100BCF80C /* CoreGraphics.framework */,
			);
			name = Frameworks;
			sourceTree = "<group>";
		};
		3F537EB41CE2436100BCF80C /* Objective-C/Swift Bridging Files */ = {
			isa = PBXGroup;
			children = (
				3F31C7DB1CBFFAC10001EBE0 /* BluetoothMultiplayer.swift */,
				3FB8039B1CE0F52200E6CF8D /* UIView+HostViewController.h */,
				3FB8039C1CE0F52200E6CF8D /* UIView+HostViewController.m */,
				3FB8039A1CE0F52200E6CF8D /* Blazing_Racers-Bridging-Header.h */,
			);
			name = "Objective-C/Swift Bridging Files";
			sourceTree = "<group>";
		};
		3F6F5FC71CC06707008573CC /* SKScenes */ = {
			isa = PBXGroup;
			children = (
				3FD2F6ED1CBC072C005D9F2D /* SinglePlayerTime.swift */,
				3FD2F6EB1CBC06F9005D9F2D /* SinglePlayerRace.swift */,
				3F5937D21CBEA24A00D46B4D /* SplitScreen.swift */,
				3F6819EE1CE4EA2D000C7E4F /* SplitScreeniPod.swift */,
			);
			name = SKScenes;
			sourceTree = "<group>";
		};
		3F6F5FC81CC06762008573CC /* Views_For_Controllers */ = {
			isa = PBXGroup;
			children = (
				3FC25EBC1CC44EB80019FEFC /* MainView.swift */,
				3FC25EBE1CC44EFE0019FEFC /* SinglePlayerView.swift */,
				3FC25EC01CC44F2A0019FEFC /* SplitScreenView.swift */,
				3FC25EC21CC44F610019FEFC /* MultiplayerView.swift */,
				3F7F6CF91CC14B2800B8962A /* Cars.swift */,
				3F62EC451CCA877600668C4E /* Cars2.swift */,
				3F62EC4B1CCA87E700668C4E /* Cars3.swift */,
				3F7F6CFB1CC14E9C00B8962A /* Color.swift */,
				3F62EC491CCA87D500668C4E /* Color2.swift */,
				3F62EC4D1CCA881F00668C4E /* Color3.swift */,
				3F7F6CFD1CC14EA800B8962A /* Tracks.swift */,
				3F62EC4F1CCA888A00668C4E /* Tracks2.swift */,
				3F62EC511CCA889700668C4E /* Tracks3.swift */,
				3F8D998D1CAAE36B001F9934 /* GameViewController.swift */,
			);
			name = Views_For_Controllers;
			sourceTree = "<group>";
		};
		3F8D997B1CAAE36B001F9934 = {
			isa = PBXGroup;
			children = (
				3F537EB41CE2436100BCF80C /* Objective-C/Swift Bridging Files */,
				3F537EB31CE2433300BCF80C /* Frameworks */,
				3F8D99861CAAE36B001F9934 /* Blazing_Racers */,
				3F8D999F1CAAE36B001F9934 /* Blazing_RacersTests */,
				3F8D99AA1CAAE36B001F9934 /* Blazing_RacersUITests */,
				3F8D99851CAAE36B001F9934 /* Products */,
			);
			sourceTree = "<group>";
		};
		3F8D99851CAAE36B001F9934 /* Products */ = {
			isa = PBXGroup;
			children = (
				3F8D99841CAAE36B001F9934 /* Blazing_Racers.app */,
				3F8D999C1CAAE36B001F9934 /* Blazing_RacersTests.xctest */,
				3F8D99A71CAAE36B001F9934 /* Blazing_RacersUITests.xctest */,
			);
			name = Products;
			sourceTree = "<group>";
		};
		3F8D99861CAAE36B001F9934 /* Blazing_Racers */ = {
			isa = PBXGroup;
			children = (
				3F6F5FC71CC06707008573CC /* SKScenes */,
				3F6F5FC81CC06762008573CC /* Views_For_Controllers */,
				3F8D99891CAAE36B001F9934 /* GameScene.sks */,
				3F6F5FC51CC066CF008573CC /* StoredVariables.swift */,
				3F8D99871CAAE36B001F9934 /* AppDelegate.swift */,
				3F8D998F1CAAE36B001F9934 /* Main.storyboard */,
				3F8D99921CAAE36B001F9934 /* Assets.xcassets */,
				3F8D99941CAAE36B001F9934 /* LaunchScreen.storyboard */,
				3F8D99971CAAE36B001F9934 /* Info.plist */,
			);
			path = Blazing_Racers;
			sourceTree = "<group>";
		};
		3F8D999F1CAAE36B001F9934 /* Blazing_RacersTests */ = {
			isa = PBXGroup;
			children = (
				3F8D99A01CAAE36B001F9934 /* Blazing_RacersTests.swift */,
				3F8D99A21CAAE36B001F9934 /* Info.plist */,
			);
			path = Blazing_RacersTests;
			sourceTree = "<group>";
		};
		3F8D99AA1CAAE36B001F9934 /* Blazing_RacersUITests */ = {
			isa = PBXGroup;
			children = (
				3F8D99AB1CAAE36B001F9934 /* Blazing_RacersUITests.swift */,
				3F8D99AD1CAAE36B001F9934 /* Info.plist */,
			);
			path = Blazing_RacersUITests;
			sourceTree = "<group>";
		};
/* End PBXGroup section */

/* Begin PBXNativeTarget section */
		3F8D99831CAAE36B001F9934 /* Blazing_Racers */ = {
			isa = PBXNativeTarget;
			buildConfigurationList = 3F8D99B01CAAE36B001F9934 /* Build configuration list for PBXNativeTarget "Blazing_Racers" */;
			buildPhases = (
				3F8D99801CAAE36B001F9934 /* Sources */,
				3F8D99811CAAE36B001F9934 /* Frameworks */,
				3F8D99821CAAE36B001F9934 /* Resources */,
			);
			buildRules = (
			);
			dependencies = (
			);
			name = Blazing_Racers;
			productName = Blazing_Racers;
			productReference = 3F8D99841CAAE36B001F9934 /* Blazing_Racers.app */;
			productType = "com.apple.product-type.application";
		};
		3F8D999B1CAAE36B001F9934 /* Blazing_RacersTests */ = {
			isa = PBXNativeTarget;
			buildConfigurationList = 3F8D99B31CAAE36B001F9934 /* Build configuration list for PBXNativeTarget "Blazing_RacersTests" */;
			buildPhases = (
				3F8D99981CAAE36B001F9934 /* Sources */,
				3F8D99991CAAE36B001F9934 /* Frameworks */,
				3F8D999A1CAAE36B001F9934 /* Resources */,
			);
			buildRules = (
			);
			dependencies = (
				3F8D999E1CAAE36B001F9934 /* PBXTargetDependency */,
			);
			name = Blazing_RacersTests;
			productName = Blazing_RacersTests;
			productReference = 3F8D999C1CAAE36B001F9934 /* Blazing_RacersTests.xctest */;
			productType = "com.apple.product-type.bundle.unit-test";
		};
		3F8D99A61CAAE36B001F9934 /* Blazing_RacersUITests */ = {
			isa = PBXNativeTarget;
			buildConfigurationList = 3F8D99B61CAAE36B001F9934 /* Build configuration list for PBXNativeTarget "Blazing_RacersUITests" */;
			buildPhases = (
				3F8D99A31CAAE36B001F9934 /* Sources */,
				3F8D99A41CAAE36B001F9934 /* Frameworks */,
				3F8D99A51CAAE36B001F9934 /* Resources */,
			);
			buildRules = (
			);
			dependencies = (
				3F8D99A91CAAE36B001F9934 /* PBXTargetDependency */,
			);
			name = Blazing_RacersUITests;
			productName = Blazing_RacersUITests;
			productReference = 3F8D99A71CAAE36B001F9934 /* Blazing_RacersUITests.xctest */;
			productType = "com.apple.product-type.bundle.ui-testing";
		};
/* End PBXNativeTarget section */

/* Begin PBXProject section */
		3F8D997C1CAAE36B001F9934 /* Project object */ = {
			isa = PBXProject;
			attributes = {
				LastSwiftUpdateCheck = 0730;
				LastUpgradeCheck = 0720;
				ORGANIZATIONNAME = "nmalin-jones";
				TargetAttributes = {
					3F8D99831CAAE36B001F9934 = {
						CreatedOnToolsVersion = 7.2.1;
						DevelopmentTeam = Z4YA2S7GD7;
					};
					3F8D999B1CAAE36B001F9934 = {
						CreatedOnToolsVersion = 7.2.1;
						DevelopmentTeam = G2V54NX7MU;
						TestTargetID = 3F8D99831CAAE36B001F9934;
					};
					3F8D99A61CAAE36B001F9934 = {
						CreatedOnToolsVersion = 7.2.1;
						DevelopmentTeam = G2V54NX7MU;
						TestTargetID = 3F8D99831CAAE36B001F9934;
					};
				};
			};
			buildConfigurationList = 3F8D997F1CAAE36B001F9934 /* Build configuration list for PBXProject "Blazing_Racers" */;
			compatibilityVersion = "Xcode 3.2";
			developmentRegion = English;
			hasScannedForEncodings = 0;
			knownRegions = (
				en,
				Base,
			);
			mainGroup = 3F8D997B1CAAE36B001F9934;
			productRefGroup = 3F8D99851CAAE36B001F9934 /* Products */;
			projectDirPath = "";
			projectRoot = "";
			targets = (
				3F8D99831CAAE36B001F9934 /* Blazing_Racers */,
				3F8D999B1CAAE36B001F9934 /* Blazing_RacersTests */,
				3F8D99A61CAAE36B001F9934 /* Blazing_RacersUITests */,
			);
		};
/* End PBXProject section */

/* Begin PBXResourcesBuildPhase section */
		3F8D99821CAAE36B001F9934 /* Resources */ = {
			isa = PBXResourcesBuildPhase;
			buildActionMask = 2147483647;
			files = (
				3F8D998A1CAAE36B001F9934 /* GameScene.sks in Resources */,
				3F8D99961CAAE36B001F9934 /* LaunchScreen.storyboard in Resources */,
				3F8D99931CAAE36B001F9934 /* Assets.xcassets in Resources */,
				3F8D99911CAAE36B001F9934 /* Main.storyboard in Resources */,
			);
			runOnlyForDeploymentPostprocessing = 0;
		};
		3F8D999A1CAAE36B001F9934 /* Resources */ = {
			isa = PBXResourcesBuildPhase;
			buildActionMask = 2147483647;
			files = (
			);
			runOnlyForDeploymentPostprocessing = 0;
		};
		3F8D99A51CAAE36B001F9934 /* Resources */ = {
			isa = PBXResourcesBuildPhase;
			buildActionMask = 2147483647;
			files = (
			);
			runOnlyForDeploymentPostprocessing = 0;
		};
/* End PBXResourcesBuildPhase section */

/* Begin PBXSourcesBuildPhase section */
		3F8D99801CAAE36B001F9934 /* Sources */ = {
			isa = PBXSourcesBuildPhase;
			buildActionMask = 2147483647;
			files = (
				3F62EC4C1CCA87E700668C4E /* Cars3.swift in Sources */,
				3F62EC4E1CCA881F00668C4E /* Color3.swift in Sources */,
				3F62EC501CCA888A00668C4E /* Tracks2.swift in Sources */,
				3FC25EBD1CC44EB80019FEFC /* MainView.swift in Sources */,
				3F62EC461CCA877600668C4E /* Cars2.swift in Sources */,
				3FB8039D1CE0F52200E6CF8D /* UIView+HostViewController.m in Sources */,
				3F6F5FC61CC066CF008573CC /* StoredVariables.swift in Sources */,
				3FC25EC31CC44F610019FEFC /* MultiplayerView.swift in Sources */,
				3FC25EC11CC44F2A0019FEFC /* SplitScreenView.swift in Sources */,
				3FC25EBF1CC44EFE0019FEFC /* SinglePlayerView.swift in Sources */,
				3F6819EF1CE4EA2D000C7E4F /* SplitScreeniPod.swift in Sources */,
				3F7F6CFC1CC14E9C00B8962A /* Color.swift in Sources */,
				3F62EC521CCA889700668C4E /* Tracks3.swift in Sources */,
				3F7F6CFE1CC14EA800B8962A /* Tracks.swift in Sources */,
				3F7F6CFA1CC14B2800B8962A /* Cars.swift in Sources */,
				3F8D998E1CAAE36B001F9934 /* GameViewController.swift in Sources */,
				3F62EC4A1CCA87D500668C4E /* Color2.swift in Sources */,
				3FD2F6EC1CBC06F9005D9F2D /* SinglePlayerRace.swift in Sources */,
				3F31C7DC1CBFFAC10001EBE0 /* BluetoothMultiplayer.swift in Sources */,
				3F5937D31CBEA24A00D46B4D /* SplitScreen.swift in Sources */,
				3FD2F6EE1CBC072C005D9F2D /* SinglePlayerTime.swift in Sources */,
				3F8D99881CAAE36B001F9934 /* AppDelegate.swift in Sources */,
			);
			runOnlyForDeploymentPostprocessing = 0;
		};
		3F8D99981CAAE36B001F9934 /* Sources */ = {
			isa = PBXSourcesBuildPhase;
			buildActionMask = 2147483647;
			files = (
				3F8D99A11CAAE36B001F9934 /* Blazing_RacersTests.swift in Sources */,
			);
			runOnlyForDeploymentPostprocessing = 0;
		};
		3F8D99A31CAAE36B001F9934 /* Sources */ = {
			isa = PBXSourcesBuildPhase;
			buildActionMask = 2147483647;
			files = (
				3F8D99AC1CAAE36B001F9934 /* Blazing_RacersUITests.swift in Sources */,
			);
			runOnlyForDeploymentPostprocessing = 0;
		};
/* End PBXSourcesBuildPhase section */

/* Begin PBXTargetDependency section */
		3F8D999E1CAAE36B001F9934 /* PBXTargetDependency */ = {
			isa = PBXTargetDependency;
			target = 3F8D99831CAAE36B001F9934 /* Blazing_Racers */;
			targetProxy = 3F8D999D1CAAE36B001F9934 /* PBXContainerItemProxy */;
		};
		3F8D99A91CAAE36B001F9934 /* PBXTargetDependency */ = {
			isa = PBXTargetDependency;
			target = 3F8D99831CAAE36B001F9934 /* Blazing_Racers */;
			targetProxy = 3F8D99A81CAAE36B001F9934 /* PBXContainerItemProxy */;
		};
/* End PBXTargetDependency section */

/* Begin PBXVariantGroup section */
		3F8D998F1CAAE36B001F9934 /* Main.storyboard */ = {
			isa = PBXVariantGroup;
			children = (
				3F8D99901CAAE36B001F9934 /* Base */,
			);
			name = Main.storyboard;
			sourceTree = "<group>";
		};
		3F8D99941CAAE36B001F9934 /* LaunchScreen.storyboard */ = {
			isa = PBXVariantGroup;
			children = (
				3F8D99951CAAE36B001F9934 /* Base */,
			);
			name = LaunchScreen.storyboard;
			sourceTree = "<group>";
		};
/* End PBXVariantGroup section */

/* Begin XCBuildConfiguration section */
		3F8D99AE1CAAE36B001F9934 /* Debug */ = {
			isa = XCBuildConfiguration;
			buildSettings = {
				ALWAYS_SEARCH_USER_PATHS = NO;
				CLANG_CXX_LANGUAGE_STANDARD = "gnu++0x";
				CLANG_CXX_LIBRARY = "libc++";
				CLANG_ENABLE_MODULES = YES;
				CLANG_ENABLE_OBJC_ARC = YES;
				CLANG_WARN_BOOL_CONVERSION = YES;
				CLANG_WARN_CONSTANT_CONVERSION = YES;
				CLANG_WARN_DIRECT_OBJC_ISA_USAGE = YES_ERROR;
				CLANG_WARN_EMPTY_BODY = YES;
				CLANG_WARN_ENUM_CONVERSION = YES;
				CLANG_WARN_INT_CONVERSION = YES;
				CLANG_WARN_OBJC_ROOT_CLASS = YES_ERROR;
				CLANG_WARN_UNREACHABLE_CODE = YES;
				CLANG_WARN__DUPLICATE_METHOD_MATCH = YES;
				"CODE_SIGN_IDENTITY[sdk=iphoneos*]" = "iPhone Developer";
				COPY_PHASE_STRIP = NO;
				DEBUG_INFORMATION_FORMAT = "dwarf-with-dsym";
				ENABLE_STRICT_OBJC_MSGSEND = YES;
				ENABLE_TESTABILITY = YES;
				GCC_C_LANGUAGE_STANDARD = gnu99;
				GCC_DYNAMIC_NO_PIC = NO;
				GCC_NO_COMMON_BLOCKS = YES;
				GCC_OPTIMIZATION_LEVEL = 0;
				GCC_PREPROCESSOR_DEFINITIONS = (
					"DEBUG=1",
					"$(inherited)",
				);
				GCC_WARN_64_TO_32_BIT_CONVERSION = YES;
				GCC_WARN_ABOUT_RETURN_TYPE = YES_ERROR;
				GCC_WARN_UNDECLARED_SELECTOR = YES;
				GCC_WARN_UNINITIALIZED_AUTOS = YES_AGGRESSIVE;
				GCC_WARN_UNUSED_FUNCTION = YES;
				GCC_WARN_UNUSED_VARIABLE = YES;
				IPHONEOS_DEPLOYMENT_TARGET = 9.2;
				MTL_ENABLE_DEBUG_INFO = YES;
				ONLY_ACTIVE_ARCH = YES;
				SDKROOT = iphoneos;
				SWIFT_OPTIMIZATION_LEVEL = "-Onone";
				TARGETED_DEVICE_FAMILY = "1,2";
			};
			name = Debug;
		};
		3F8D99AF1CAAE36B001F9934 /* Release */ = {
			isa = XCBuildConfiguration;
			buildSettings = {
				ALWAYS_SEARCH_USER_PATHS = NO;
				CLANG_CXX_LANGUAGE_STANDARD = "gnu++0x";
				CLANG_CXX_LIBRARY = "libc++";
				CLANG_ENABLE_MODULES = YES;
				CLANG_ENABLE_OBJC_ARC = YES;
				CLANG_WARN_BOOL_CONVERSION = YES;
				CLANG_WARN_CONSTANT_CONVERSION = YES;
				CLANG_WARN_DIRECT_OBJC_ISA_USAGE = YES_ERROR;
				CLANG_WARN_EMPTY_BODY = YES;
				CLANG_WARN_ENUM_CONVERSION = YES;
				CLANG_WARN_INT_CONVERSION = YES;
				CLANG_WARN_OBJC_ROOT_CLASS = YES_ERROR;
				CLANG_WARN_UNREACHABLE_CODE = YES;
				CLANG_WARN__DUPLICATE_METHOD_MATCH = YES;
				"CODE_SIGN_IDENTITY[sdk=iphoneos*]" = "iPhone Developer";
				COPY_PHASE_STRIP = NO;
				DEBUG_INFORMATION_FORMAT = "dwarf-with-dsym";
				ENABLE_NS_ASSERTIONS = NO;
				ENABLE_STRICT_OBJC_MSGSEND = YES;
				GCC_C_LANGUAGE_STANDARD = gnu99;
				GCC_NO_COMMON_BLOCKS = YES;
				GCC_WARN_64_TO_32_BIT_CONVERSION = YES;
				GCC_WARN_ABOUT_RETURN_TYPE = YES_ERROR;
				GCC_WARN_UNDECLARED_SELECTOR = YES;
				GCC_WARN_UNINITIALIZED_AUTOS = YES_AGGRESSIVE;
				GCC_WARN_UNUSED_FUNCTION = YES;
				GCC_WARN_UNUSED_VARIABLE = YES;
				IPHONEOS_DEPLOYMENT_TARGET = 9.2;
				MTL_ENABLE_DEBUG_INFO = NO;
				SDKROOT = iphoneos;
				TARGETED_DEVICE_FAMILY = "1,2";
				VALIDATE_PRODUCT = YES;
			};
			name = Release;
		};
		3F8D99B11CAAE36B001F9934 /* Debug */ = {
			isa = XCBuildConfiguration;
			buildSettings = {
				ASSETCATALOG_COMPILER_APPICON_NAME = "AppIcon-6";
				CLANG_ENABLE_MODULES = YES;
				CODE_SIGN_IDENTITY = "iPhone Developer";
				"CODE_SIGN_IDENTITY[sdk=iphoneos*]" = "iPhone Developer";
				INFOPLIST_FILE = Blazing_Racers/Info.plist;
				IPHONEOS_DEPLOYMENT_TARGET = 9.3;
				LD_RUNPATH_SEARCH_PATHS = "$(inherited) @executable_path/Frameworks";
				PRODUCT_BUNDLE_IDENTIFIER = "Malin-Jones.Blazing-Racers";
				PRODUCT_NAME = "$(TARGET_NAME)";
				PROVISIONING_PROFILE = "";
				SWIFT_OBJC_BRIDGING_HEADER = "Blazing_Racers-Bridging-Header.h";
				SWIFT_OPTIMIZATION_LEVEL = "-Onone";
				TARGETED_DEVICE_FAMILY = "1,2";
			};
			name = Debug;
		};
		3F8D99B21CAAE36B001F9934 /* Release */ = {
			isa = XCBuildConfiguration;
			buildSettings = {
				ASSETCATALOG_COMPILER_APPICON_NAME = "AppIcon-6";
				CLANG_ENABLE_MODULES = YES;
				CODE_SIGN_IDENTITY = "iPhone Developer";
				"CODE_SIGN_IDENTITY[sdk=iphoneos*]" = "iPhone Developer";
				INFOPLIST_FILE = Blazing_Racers/Info.plist;
				IPHONEOS_DEPLOYMENT_TARGET = 9.3;
				LD_RUNPATH_SEARCH_PATHS = "$(inherited) @executable_path/Frameworks";
				PRODUCT_BUNDLE_IDENTIFIER = "Malin-Jones.Blazing-Racers";
				PRODUCT_NAME = "$(TARGET_NAME)";
				PROVISIONING_PROFILE = "";
				SWIFT_OBJC_BRIDGING_HEADER = "Blazing_Racers-Bridging-Header.h";
				TARGETED_DEVICE_FAMILY = "1,2";
			};
			name = Release;
		};
		3F8D99B41CAAE36B001F9934 /* Debug */ = {
			isa = XCBuildConfiguration;
			buildSettings = {
				BUNDLE_LOADER = "$(TEST_HOST)";
				DEBUG_INFORMATION_FORMAT = dwarf;
				INFOPLIST_FILE = Blazing_RacersTests/Info.plist;
				LD_RUNPATH_SEARCH_PATHS = "$(inherited) @executable_path/Frameworks @loader_path/Frameworks";
				PRODUCT_BUNDLE_IDENTIFIER = "Malin-Jones.Blazing-RacersTests";
				PRODUCT_NAME = "$(TARGET_NAME)";
				TEST_HOST = "$(BUILT_PRODUCTS_DIR)/Blazing_Racers.app/Blazing_Racers";
			};
			name = Debug;
		};
		3F8D99B51CAAE36B001F9934 /* Release */ = {
			isa = XCBuildConfiguration;
			buildSettings = {
				BUNDLE_LOADER = "$(TEST_HOST)";
				INFOPLIST_FILE = Blazing_RacersTests/Info.plist;
				LD_RUNPATH_SEARCH_PATHS = "$(inherited) @executable_path/Frameworks @loader_path/Frameworks";
				PRODUCT_BUNDLE_IDENTIFIER = "Malin-Jones.Blazing-RacersTests";
				PRODUCT_NAME = "$(TARGET_NAME)";
				TEST_HOST = "$(BUILT_PRODUCTS_DIR)/Blazing_Racers.app/Blazing_Racers";
			};
			name = Release;
		};
		3F8D99B71CAAE36B001F9934 /* Debug */ = {
			isa = XCBuildConfiguration;
			buildSettings = {
				DEBUG_INFORMATION_FORMAT = dwarf;
				INFOPLIST_FILE = Blazing_RacersUITests/Info.plist;
				LD_RUNPATH_SEARCH_PATHS = "$(inherited) @executable_path/Frameworks @loader_path/Frameworks";
				PRODUCT_BUNDLE_IDENTIFIER = "Malin-Jones.Blazing-RacersUITests";
				PRODUCT_NAME = "$(TARGET_NAME)";
				TEST_TARGET_NAME = Blazing_Racers;
				USES_XCTRUNNER = YES;
			};
			name = Debug;
		};
		3F8D99B81CAAE36B001F9934 /* Release */ = {
			isa = XCBuildConfiguration;
			buildSettings = {
				INFOPLIST_FILE = Blazing_RacersUITests/Info.plist;
				LD_RUNPATH_SEARCH_PATHS = "$(inherited) @executable_path/Frameworks @loader_path/Frameworks";
				PRODUCT_BUNDLE_IDENTIFIER = "Malin-Jones.Blazing-RacersUITests";
				PRODUCT_NAME = "$(TARGET_NAME)";
				TEST_TARGET_NAME = Blazing_Racers;
				USES_XCTRUNNER = YES;
			};
			name = Release;
		};
/* End XCBuildConfiguration section */

/* Begin XCConfigurationList section */
		3F8D997F1CAAE36B001F9934 /* Build configuration list for PBXProject "Blazing_Racers" */ = {
			isa = XCConfigurationList;
			buildConfigurations = (
				3F8D99AE1CAAE36B001F9934 /* Debug */,
				3F8D99AF1CAAE36B001F9934 /* Release */,
			);
			defaultConfigurationIsVisible = 0;
			defaultConfigurationName = Release;
		};
		3F8D99B01CAAE36B001F9934 /* Build configuration list for PBXNativeTarget "Blazing_Racers" */ = {
			isa = XCConfigurationList;
			buildConfigurations = (
				3F8D99B11CAAE36B001F9934 /* Debug */,
				3F8D99B21CAAE36B001F9934 /* Release */,
			);
			defaultConfigurationIsVisible = 0;
			defaultConfigurationName = Release;
		};
		3F8D99B31CAAE36B001F9934 /* Build configuration list for PBXNativeTarget "Blazing_RacersTests" */ = {
			isa = XCConfigurationList;
			buildConfigurations = (
				3F8D99B41CAAE36B001F9934 /* Debug */,
				3F8D99B51CAAE36B001F9934 /* Release */,
			);
			defaultConfigurationIsVisible = 0;
			defaultConfigurationName = Release;
		};
		3F8D99B61CAAE36B001F9934 /* Build configuration list for PBXNativeTarget "Blazing_RacersUITests" */ = {
			isa = XCConfigurationList;
			buildConfigurations = (
				3F8D99B71CAAE36B001F9934 /* Debug */,
				3F8D99B81CAAE36B001F9934 /* Release */,
			);
			defaultConfigurationIsVisible = 0;
			defaultConfigurationName = Release;
		};
/* End XCConfigurationList section */
	};
	rootObject = 3F8D997C1CAAE36B001F9934 /* Project object */;
}
